
Microsoft Visual Studio Solution File, Format Version 12.00
# Visual Studio Version 17
VisualStudioVersion = 17.9.34622.214
MinimumVisualStudioVersion = 10.0.40219.1
Project("{FAE04EC0-301F-11D3-BF4B-00C04F79EFBC}") = "SpecFlowCalculator", "SpecFlowCalculator\SpecFlowCalculator.csproj", "{22F2E467-5FCA-4C61-8DC1-5D73F63ED7FD}"
EndProject
Global
	GlobalSection(SolutionConfigurationPlatforms) = preSolution
		Debug|Any CPU = Debug|Any CPU
		Release|Any CPU = Release|Any CPU
	EndGlobalSection
	GlobalSection(ProjectConfigurationPlatforms) = postSolution
		{22F2E467-5FCA-4C61-8DC1-5D73F63ED7FD}.Debug|Any CPU.ActiveCfg = Debug|Any CPU
		{22F2E467-5FCA-4C61-8DC1-5D73F63ED7FD}.Debug|Any CPU.Build.0 = Debug|Any CPU
		{22F2E467-5FCA-4C61-8DC1-5D73F63ED7FD}.Release|Any CPU.ActiveCfg = Release|Any CPU
		{22F2E467-5FCA-4C61-8DC1-5D73F63ED7FD}.Release|Any CPU.Build.0 = Release|Any CPU
	EndGlobalSection
	GlobalSection(SolutionProperties) = preSolution
		HideSolutionNode = FALSE
	EndGlobalSection
	GlobalSection(ExtensibilityGlobals) = postSolution
		SolutionGuid = {2F49EEA5-7674-473D-8D13-3EF340AD1C0F}
	EndGlobalSection
EndGlobal
